
Microsoft Visual Studio Solution File, Format Version 12.00
# Visual Studio Version 17
VisualStudioVersion = 17.5.002.0
MinimumVisualStudioVersion = 10.0.40219.1
Project("{9A19103F-16F7-4668-BE54-9A1E7A4F7556}") = "BaiTap", "BaiTap.csproj", "{D46E6BF5-89AD-4B88-A241-BAE8A056114A}"
EndProject
Global
	GlobalSection(SolutionConfigurationPlatforms) = preSolution
		Debug|Any CPU = Debug|Any CPU
		Release|Any CPU = Release|Any CPU
	EndGlobalSection
	GlobalSection(ProjectConfigurationPlatforms) = postSolution
		{D46E6BF5-89AD-4B88-A241-BAE8A056114A}.Debug|Any CPU.ActiveCfg = Debug|Any CPU
		{D46E6BF5-89AD-4B88-A241-BAE8A056114A}.Debug|Any CPU.Build.0 = Debug|Any CPU
		{D46E6BF5-89AD-4B88-A241-BAE8A056114A}.Release|Any CPU.ActiveCfg = Release|Any CPU
		{D46E6BF5-89AD-4B88-A241-BAE8A056114A}.Release|Any CPU.Build.0 = Release|Any CPU
	EndGlobalSection
	GlobalSection(SolutionProperties) = preSolution
		HideSolutionNode = FALSE
	EndGlobalSection
	GlobalSection(ExtensibilityGlobals) = postSolution
		SolutionGuid = {30049AC7-0726-4FD2-933D-E0D03D06CDBB}
	EndGlobalSection
EndGlobal
